
Microsoft Visual Studio Solution File, Format Version 12.00
# Visual Studio 2013
VisualStudioVersion = 12.0.21005.1
MinimumVisualStudioVersion = 10.0.40219.1
Project("{FAE04EC0-301F-11D3-BF4B-00C04F79EFBC}") = "StaticCheck", "StaticCheck\StaticCheck.csproj", "{57DA373C-8208-4D98-A629-67047BCD2B0F}"
EndProject
Project("{54435603-DBB4-11D2-8724-00A0C9A8B90C}") = "StaticCheckSetup", "StaticCheckSetup\StaticCheckSetup.vdproj", "{AE75A963-96B9-46D8-AE98-E679E39575BE}"
EndProject
Global
	GlobalSection(SolutionConfigurationPlatforms) = preSolution
		Debug|Any CPU = Debug|Any CPU
		Release|Any CPU = Release|Any CPU
	EndGlobalSection
	GlobalSection(ProjectConfigurationPlatforms) = postSolution
		{57DA373C-8208-4D98-A629-67047BCD2B0F}.Debug|Any CPU.ActiveCfg = Debug|Any CPU
		{57DA373C-8208-4D98-A629-67047BCD2B0F}.Debug|Any CPU.Build.0 = Debug|Any CPU
		{57DA373C-8208-4D98-A629-67047BCD2B0F}.Release|Any CPU.ActiveCfg = Release|Any CPU
		{57DA373C-8208-4D98-A629-67047BCD2B0F}.Release|Any CPU.Build.0 = Release|Any CPU
		{AE75A963-96B9-46D8-AE98-E679E39575BE}.Debug|Any CPU.ActiveCfg = Debug
		{AE75A963-96B9-46D8-AE98-E679E39575BE}.Release|Any CPU.ActiveCfg = Release
	EndGlobalSection
	GlobalSection(SolutionProperties) = preSolution
		HideSolutionNode = FALSE
	EndGlobalSection
EndGlobal
